
Microsoft Visual Studio Solution File, Format Version 12.00
# Visual Studio Version 16
VisualStudioVersion = 16.0.30330.147
MinimumVisualStudioVersion = 10.0.40219.1
Project("{8BC9CEB8-8B4A-11D0-8D11-00A0C91BC942}") = "environment_mapping", "environment_mapping\environment_mapping.vcxproj", "{B838129D-66DA-4873-9734-C305A3A09621}"
EndProject
Global
	GlobalSection(SolutionConfigurationPlatforms) = preSolution
		Debug|x64 = Debug|x64
		Debug|x86 = Debug|x86
		Release|x64 = Release|x64
		Release|x86 = Release|x86
	EndGlobalSection
	GlobalSection(ProjectConfigurationPlatforms) = postSolution
		{B838129D-66DA-4873-9734-C305A3A09621}.Debug|x64.ActiveCfg = Debug|x64
		{B838129D-66DA-4873-9734-C305A3A09621}.Debug|x64.Build.0 = Debug|x64
		{B838129D-66DA-4873-9734-C305A3A09621}.Debug|x86.ActiveCfg = Debug|Win32
		{B838129D-66DA-4873-9734-C305A3A09621}.Debug|x86.Build.0 = Debug|Win32
		{B838129D-66DA-4873-9734-C305A3A09621}.Release|x64.ActiveCfg = Release|x64
		{B838129D-66DA-4873-9734-C305A3A09621}.Release|x64.Build.0 = Release|x64
		{B838129D-66DA-4873-9734-C305A3A09621}.Release|x86.ActiveCfg = Release|Win32
		{B838129D-66DA-4873-9734-C305A3A09621}.Release|x86.Build.0 = Release|Win32
	EndGlobalSection
	GlobalSection(SolutionProperties) = preSolution
		HideSolutionNode = FALSE
	EndGlobalSection
	GlobalSection(ExtensibilityGlobals) = postSolution
		SolutionGuid = {094E2D55-49BB-4FAF-9363-C9D5DEB5EACC}
	EndGlobalSection
EndGlobal
